{
  "name": "desktop-broom",
  "version": "1.0.0",
  "lockfileVersion": 3,
  "requires": true,
  "packages": {
    "": {
      "name": "desktop-broom",
      "version": "1.0.0",
      "license": "MIT",
      "bin": {
        "desktop-broom": "desksweep.js"
      },
      "engines": {
        "node": ">=20"
      }
    }
  }
}
